
Microsoft Visual Studio Solution File, Format Version 12.00
# Visual Studio Version 16
VisualStudioVersion = 16.0.30717.126
MinimumVisualStudioVersion = 10.0.40219.1
Project("{FAE04EC0-301F-11D3-BF4B-00C04F79EFBC}") = "Verkaufssystem", "Verkaufssystem\Verkaufssystem.csproj", "{CC67EAE5-FAA7-47F7-AEDC-23144D1CFDDD}"
EndProject
Project("{FAE04EC0-301F-11D3-BF4B-00C04F79EFBC}") = "DataAccess", "DataAccess\DataAccess.csproj", "{CA5C6A99-A343-4A3E-AA94-DE61FA8A709F}"
EndProject
Project("{FAE04EC0-301F-11D3-BF4B-00C04F79EFBC}") = "Model", "Model\Model.csproj", "{4356F1F7-C6DA-4E6A-8FE6-2E7A551A8B0B}"
EndProject
Global
	GlobalSection(SolutionConfigurationPlatforms) = preSolution
		Debug|Any CPU = Debug|Any CPU
		Release|Any CPU = Release|Any CPU
	EndGlobalSection
	GlobalSection(ProjectConfigurationPlatforms) = postSolution
		{CC67EAE5-FAA7-47F7-AEDC-23144D1CFDDD}.Debug|Any CPU.ActiveCfg = Debug|Any CPU
		{CC67EAE5-FAA7-47F7-AEDC-23144D1CFDDD}.Debug|Any CPU.Build.0 = Debug|Any CPU
		{CC67EAE5-FAA7-47F7-AEDC-23144D1CFDDD}.Release|Any CPU.ActiveCfg = Release|Any CPU
		{CC67EAE5-FAA7-47F7-AEDC-23144D1CFDDD}.Release|Any CPU.Build.0 = Release|Any CPU
		{CA5C6A99-A343-4A3E-AA94-DE61FA8A709F}.Debug|Any CPU.ActiveCfg = Debug|Any CPU
		{CA5C6A99-A343-4A3E-AA94-DE61FA8A709F}.Debug|Any CPU.Build.0 = Debug|Any CPU
		{CA5C6A99-A343-4A3E-AA94-DE61FA8A709F}.Release|Any CPU.ActiveCfg = Release|Any CPU
		{CA5C6A99-A343-4A3E-AA94-DE61FA8A709F}.Release|Any CPU.Build.0 = Release|Any CPU
		{4356F1F7-C6DA-4E6A-8FE6-2E7A551A8B0B}.Debug|Any CPU.ActiveCfg = Debug|Any CPU
		{4356F1F7-C6DA-4E6A-8FE6-2E7A551A8B0B}.Debug|Any CPU.Build.0 = Debug|Any CPU
		{4356F1F7-C6DA-4E6A-8FE6-2E7A551A8B0B}.Release|Any CPU.ActiveCfg = Release|Any CPU
		{4356F1F7-C6DA-4E6A-8FE6-2E7A551A8B0B}.Release|Any CPU.Build.0 = Release|Any CPU
	EndGlobalSection
	GlobalSection(SolutionProperties) = preSolution
		HideSolutionNode = FALSE
	EndGlobalSection
	GlobalSection(ExtensibilityGlobals) = postSolution
		SolutionGuid = {924F0539-89D5-4DF4-8659-109FA2E6D1FB}
	EndGlobalSection
EndGlobal
